dependencies:
- name: fluent-bit
  repository: https://fluent.github.io/helm-charts
  version: 0.56.0
- name: openobserve-standalone
  repository: https://charts.openobserve.ai
  version: 0.91.2
- name: openobserve
  repository: https://charts.openobserve.ai
  version: 0.92.0
digest: sha256:f950a8225a09dd810bcf830b8b6940f0e3b2a818ac09da4131de57d28af69258
generated: "2026-08-12T05:33:01.436796599Z"
