dependencies:
- name: fluent-bit
  repository: https://fluent.github.io/helm-charts
  version: 0.56.0
- name: openobserve-standalone
  repository: https://charts.openobserve.ai
  version: 0.91.1
- name: openobserve
  repository: https://charts.openobserve.ai
  version: 0.91.1
digest: sha256:22e172413fdcb6658939ac8f8f10548b6a87c00c1d905346b235b85160be312d
generated: "2026-07-22T17:10:53.021309+05:30"
