dependencies:
- name: opentelemetry-collector
  repository: https://open-telemetry.github.io/opentelemetry-helm-charts
  version: 0.150.1
- name: kube-state-metrics
  repository: https://prometheus-community.github.io/helm-charts
  version: 5.33.2
digest: sha256:8b2ed072da7e1200538952e1a9ed48a10a1cd758c349f1bbc8a2db3e49ade947
generated: "2026-05-18T14:22:10.01961+05:30"
