dependencies:
- name: opentelemetry-collector
  repository: https://open-telemetry.github.io/opentelemetry-helm-charts
  version: 0.165.0
- name: kube-state-metrics
  repository: https://prometheus-community.github.io/helm-charts
  version: 5.33.2
digest: sha256:68b6f64e69d08d88618ac8f4093d02d93cf3021d583b464f5d997f1a6e27c337
generated: "2026-08-01T08:37:27.153435491Z"
