dependencies:
- name: opensearch
  repository: https://opensearch-project.github.io/helm-charts/
  version: 3.3.0
- name: opentelemetry-collector
  repository: https://open-telemetry.github.io/opentelemetry-helm-charts
  version: 0.158.1
digest: sha256:ccd0d3c10b3545ba0f93d50cce06a83a8ee68cb5d88b655b504bb201b37ecba0
generated: "2026-06-10T08:49:07.577526621Z"
