dependencies:
- name: opensearch
  repository: https://opensearch-project.github.io/helm-charts/
  version: 3.3.0
- name: opentelemetry-collector
  repository: https://open-telemetry.github.io/opentelemetry-helm-charts
  version: 0.162.0
digest: sha256:66224a0eff7ed2ab2f307a57d66bf0e30d47d9b7e1cc873f9c9ca24d3a4dba3c
generated: "2026-07-03T16:16:08.336154188Z"
