dependencies:
- name: opensearch
  repository: https://opensearch-project.github.io/helm-charts/
  version: 3.3.0
- name: opentelemetry-collector
  repository: https://open-telemetry.github.io/opentelemetry-helm-charts
  version: 0.165.0
digest: sha256:af8343f36805bb9550fcd53a26b19476787f876c8a332706c4ad4fbc8e6c175f
generated: "2026-08-01T08:38:56.544962594Z"
