dependencies:
- name: opentelemetry-collector
  repository: https://open-telemetry.github.io/opentelemetry-helm-charts
  version: 0.158.2
- name: fluent-bit
  repository: https://fluent.github.io/helm-charts
  version: 0.54.0
digest: sha256:a748e9bf48a44ae3991e1d33f8cf84b9170b44fdf2c267a63cbffb4a2a523ea1
generated: "2026-06-22T05:20:17.010857707Z"
