dependencies:
- name: opentelemetry-collector
  repository: https://open-telemetry.github.io/opentelemetry-helm-charts
  version: 0.158.1
- name: fluent-bit
  repository: https://fluent.github.io/helm-charts
  version: 0.54.0
digest: sha256:f727f203d791723d7bead8da8e3187d0b2f434390869032d79a6a2fc55d4e483
generated: "2026-06-10T08:48:04.838917342Z"
