dependencies:
- name: opentelemetry-collector
  repository: https://open-telemetry.github.io/opentelemetry-helm-charts
  version: 0.169.0
- name: openobserve-standalone
  repository: https://charts.openobserve.ai
  version: 0.92.0
- name: openobserve
  repository: https://charts.openobserve.ai
  version: 0.92.0
digest: sha256:b09d4b940b794a59f04852dd11b4ec49e262efca7f31ba4575959f4aef0f4008
generated: "2026-08-12T05:38:20.828283924Z"
