dependencies:
- name: opentelemetry-collector
  repository: https://open-telemetry.github.io/opentelemetry-helm-charts
  version: 0.158.2
- name: openobserve-standalone
  repository: https://charts.openobserve.ai
  version: 0.60.3
- name: openobserve
  repository: https://charts.openobserve.ai
  version: 0.60.3
digest: sha256:9fde960af9253d81b13c817b69645822bab6c43aed07be905b14b11d7d6ac36b
generated: "2026-06-22T05:20:22.729566086Z"
